# THIS IS AN AUTOGENERATED FILE. DO NOT EDIT THIS FILE DIRECTLY.
# yarn lockfile v1


orderedmap@^1.0.0:
  version "1.0.0"
  resolved "https://registry.yarnpkg.com/orderedmap/-/orderedmap-1.0.0.tgz#d90fc2ba1ed085190907d601dec6e6a53f8d41ba"
  integrity sha1-2Q/Cuh7QhRkJB9YB3sbmpT+NQbo=

prosemirror-commands@^1.0.8:
  version "1.0.8"
  resolved "https://registry.yarnpkg.com/prosemirror-commands/-/prosemirror-commands-1.0.8.tgz#3b21e8b2f2e1c04ddb831b2d4055084b6d627bcc"
  integrity sha512-P9QdkYYBHWsrJ1JztQuHgeZS7DPCcijQduOj9oxFiqK8Fm6eTsVHzU1IwiRBe+FlK7tyQaerhu/F5K8sqnZ1Cw==
  dependencies:
    prosemirror-model "^1.0.0"
    prosemirror-state "^1.0.0"
    prosemirror-transform "^1.0.0"

prosemirror-model@^1.0.0, prosemirror-model@^1.7.1:
  version "1.7.1"
  resolved "https://registry.yarnpkg.com/prosemirror-model/-/prosemirror-model-1.7.1.tgz#f140a6e366e1e283aa7a94dbb8c2c7d13139689e"
  integrity sha512-hYrZPbJvdo2QWERmkCuS80BEf5Rcf3+S28ETr4xu8XKPYjmU6aeQn23G1Fu/2rwqUmk5ZyWYo2nyEsN+Cdv2Qg==
  dependencies:
    orderedmap "^1.0.0"

prosemirror-state@^1.0.0:
  version "1.2.3"
  resolved "https://registry.yarnpkg.com/prosemirror-state/-/prosemirror-state-1.2.3.tgz#b61e88e55336a4e5be088c0d21ac05f18cdd3dcd"
  integrity sha512-TNFw98jHLcU7JXViozcDHxzIWQj7WfGqTAB05RCrkkUuIleKekW9PbhQGXRZdlSPFkViPlLy/emh+5HtjH1Yzg==
  dependencies:
    prosemirror-model "^1.0.0"
    prosemirror-transform "^1.0.0"

prosemirror-transform@^1.0.0:
  version "1.1.3"
  resolved "https://registry.yarnpkg.com/prosemirror-transform/-/prosemirror-transform-1.1.3.tgz#28cfdf1f9ee514edc40466be7b7db39eed545fdf"
  integrity sha512-1O6Di5lOL1mp4nuCnQNkHY7l2roIW5y8RH4ZG3hMYmkmDEWzTaFFnxxAAHsE5ipGLBSRcTlP7SsDhYBIdSuLpQ==
  dependencies:
    prosemirror-model "^1.0.0"
